
Microsoft Visual Studio Solution File, Format Version 12.00
# Visual Studio Version 17
VisualStudioVersion = 17.13.35806.99 d17.13
MinimumVisualStudioVersion = 10.0.40219.1
Project("{FAE04EC0-301F-11D3-BF4B-00C04F79EFBC}") = "ConsoleApp4", "ConsoleApp4.csproj", "{425CB366-97B5-495F-A95E-A18695F26BC3}"
EndProject
Global
	GlobalSection(SolutionConfigurationPlatforms) = preSolution
		Debug|Any CPU = Debug|Any CPU
		Release|Any CPU = Release|Any CPU
	EndGlobalSection
	GlobalSection(ProjectConfigurationPlatforms) = postSolution
		{425CB366-97B5-495F-A95E-A18695F26BC3}.Debug|Any CPU.ActiveCfg = Debug|Any CPU
		{425CB366-97B5-495F-A95E-A18695F26BC3}.Debug|Any CPU.Build.0 = Debug|Any CPU
		{425CB366-97B5-495F-A95E-A18695F26BC3}.Release|Any CPU.ActiveCfg = Release|Any CPU
		{425CB366-97B5-495F-A95E-A18695F26BC3}.Release|Any CPU.Build.0 = Release|Any CPU
	EndGlobalSection
	GlobalSection(SolutionProperties) = preSolution
		HideSolutionNode = FALSE
	EndGlobalSection
	GlobalSection(ExtensibilityGlobals) = postSolution
		SolutionGuid = {14FE4FD5-0504-4D7A-8A72-0EE6978A9DE6}
	EndGlobalSection
EndGlobal
